
Microsoft Visual Studio Solution File, Format Version 12.00
# Visual Studio Version 17
VisualStudioVersion = 17.1.31911.260
MinimumVisualStudioVersion = 10.0.40219.1
Project("{FAE04EC0-301F-11D3-BF4B-00C04F79EFBC}") = "SICOBI", "SICOBI.csproj", "{DB155F06-7427-44CF-B772-B26FDCD327FC}"
EndProject
Global
	GlobalSection(SolutionConfigurationPlatforms) = preSolution
		Debug|Any CPU = Debug|Any CPU
		Release|Any CPU = Release|Any CPU
	EndGlobalSection
	GlobalSection(ProjectConfigurationPlatforms) = postSolution
		{DB155F06-7427-44CF-B772-B26FDCD327FC}.Debug|Any CPU.ActiveCfg = Debug|Any CPU
		{DB155F06-7427-44CF-B772-B26FDCD327FC}.Debug|Any CPU.Build.0 = Debug|Any CPU
		{DB155F06-7427-44CF-B772-B26FDCD327FC}.Release|Any CPU.ActiveCfg = Release|Any CPU
		{DB155F06-7427-44CF-B772-B26FDCD327FC}.Release|Any CPU.Build.0 = Release|Any CPU
	EndGlobalSection
	GlobalSection(SolutionProperties) = preSolution
		HideSolutionNode = FALSE
	EndGlobalSection
	GlobalSection(ExtensibilityGlobals) = postSolution
		SolutionGuid = {CCB8B7CE-2464-4901-BAFB-0289D0803A61}
	EndGlobalSection
EndGlobal
